
Microsoft Visual Studio Solution File, Format Version 12.00
# Visual Studio Version 17
VisualStudioVersion = 17.11.35327.3
MinimumVisualStudioVersion = 10.0.40219.1
Project("{FAE04EC0-301F-11D3-BF4B-00C04F79EFBC}") = "API", "API\API.csproj", "{AEAD65C1-D156-4DFA-BB19-5F59C4A2C537}"
EndProject
Project("{FAE04EC0-301F-11D3-BF4B-00C04F79EFBC}") = "Application", "Application\Application.csproj", "{1D454196-BC6C-48EB-82E7-0F62A11B3D35}"
EndProject
Project("{FAE04EC0-301F-11D3-BF4B-00C04F79EFBC}") = "Domain", "Domain\Domain.csproj", "{86054607-1031-4D17-BBFA-A1D683658D6C}"
EndProject
Project("{FAE04EC0-301F-11D3-BF4B-00C04F79EFBC}") = "Persistence", "Persistence\Persistence.csproj", "{DAC3BF82-B077-4E57-BFAA-C2ED166436CB}"
EndProject
Global
	GlobalSection(SolutionConfigurationPlatforms) = preSolution
		Debug|Any CPU = Debug|Any CPU
		Release|Any CPU = Release|Any CPU
	EndGlobalSection
	GlobalSection(ProjectConfigurationPlatforms) = postSolution
		{AEAD65C1-D156-4DFA-BB19-5F59C4A2C537}.Debug|Any CPU.ActiveCfg = Debug|Any CPU
		{AEAD65C1-D156-4DFA-BB19-5F59C4A2C537}.Debug|Any CPU.Build.0 = Debug|Any CPU
		{AEAD65C1-D156-4DFA-BB19-5F59C4A2C537}.Release|Any CPU.ActiveCfg = Release|Any CPU
		{AEAD65C1-D156-4DFA-BB19-5F59C4A2C537}.Release|Any CPU.Build.0 = Release|Any CPU
		{1D454196-BC6C-48EB-82E7-0F62A11B3D35}.Debug|Any CPU.ActiveCfg = Debug|Any CPU
		{1D454196-BC6C-48EB-82E7-0F62A11B3D35}.Debug|Any CPU.Build.0 = Debug|Any CPU
		{1D454196-BC6C-48EB-82E7-0F62A11B3D35}.Release|Any CPU.ActiveCfg = Release|Any CPU
		{1D454196-BC6C-48EB-82E7-0F62A11B3D35}.Release|Any CPU.Build.0 = Release|Any CPU
		{86054607-1031-4D17-BBFA-A1D683658D6C}.Debug|Any CPU.ActiveCfg = Debug|Any CPU
		{86054607-1031-4D17-BBFA-A1D683658D6C}.Debug|Any CPU.Build.0 = Debug|Any CPU
		{86054607-1031-4D17-BBFA-A1D683658D6C}.Release|Any CPU.ActiveCfg = Release|Any CPU
		{86054607-1031-4D17-BBFA-A1D683658D6C}.Release|Any CPU.Build.0 = Release|Any CPU
		{DAC3BF82-B077-4E57-BFAA-C2ED166436CB}.Debug|Any CPU.ActiveCfg = Debug|Any CPU
		{DAC3BF82-B077-4E57-BFAA-C2ED166436CB}.Debug|Any CPU.Build.0 = Debug|Any CPU
		{DAC3BF82-B077-4E57-BFAA-C2ED166436CB}.Release|Any CPU.ActiveCfg = Release|Any CPU
		{DAC3BF82-B077-4E57-BFAA-C2ED166436CB}.Release|Any CPU.Build.0 = Release|Any CPU
	EndGlobalSection
	GlobalSection(SolutionProperties) = preSolution
		HideSolutionNode = FALSE
	EndGlobalSection
	GlobalSection(ExtensibilityGlobals) = postSolution
		SolutionGuid = {5DA6DC19-9EFB-4938-A212-A21C1246320F}
	EndGlobalSection
EndGlobal
